
Microsoft Visual Studio Solution File, Format Version 12.00
# Visual Studio Version 16
VisualStudioVersion = 16.0.31424.327
MinimumVisualStudioVersion = 10.0.40219.1
Project("{FAE04EC0-301F-11D3-BF4B-00C04F79EFBC}") = "Exercicio1", "Exercicio1\Exercicio1.csproj", "{DFF50FE9-3089-4046-9043-E734928ADDD9}"
EndProject
Global
	GlobalSection(SolutionConfigurationPlatforms) = preSolution
		Debug|Any CPU = Debug|Any CPU
		Release|Any CPU = Release|Any CPU
	EndGlobalSection
	GlobalSection(ProjectConfigurationPlatforms) = postSolution
		{DFF50FE9-3089-4046-9043-E734928ADDD9}.Debug|Any CPU.ActiveCfg = Debug|Any CPU
		{DFF50FE9-3089-4046-9043-E734928ADDD9}.Debug|Any CPU.Build.0 = Debug|Any CPU
		{DFF50FE9-3089-4046-9043-E734928ADDD9}.Release|Any CPU.ActiveCfg = Release|Any CPU
		{DFF50FE9-3089-4046-9043-E734928ADDD9}.Release|Any CPU.Build.0 = Release|Any CPU
	EndGlobalSection
	GlobalSection(SolutionProperties) = preSolution
		HideSolutionNode = FALSE
	EndGlobalSection
	GlobalSection(ExtensibilityGlobals) = postSolution
		SolutionGuid = {2EB827AE-57A3-484C-8E88-B52FC86706FC}
	EndGlobalSection
EndGlobal
